
Microsoft Visual Studio Solution File, Format Version 12.00
# Visual Studio Version 17
VisualStudioVersion = 17.3.32811.315
MinimumVisualStudioVersion = 10.0.40219.1
Project("{9A19103F-16F7-4668-BE54-9A1E7A4F7556}") = "File_Upload", "File_Upload\File_Upload.csproj", "{240132CB-4A57-4BAF-8390-B5ED6749CD6E}"
EndProject
Global
	GlobalSection(SolutionConfigurationPlatforms) = preSolution
		Debug|Any CPU = Debug|Any CPU
		Release|Any CPU = Release|Any CPU
	EndGlobalSection
	GlobalSection(ProjectConfigurationPlatforms) = postSolution
		{240132CB-4A57-4BAF-8390-B5ED6749CD6E}.Debug|Any CPU.ActiveCfg = Debug|Any CPU
		{240132CB-4A57-4BAF-8390-B5ED6749CD6E}.Debug|Any CPU.Build.0 = Debug|Any CPU
		{240132CB-4A57-4BAF-8390-B5ED6749CD6E}.Release|Any CPU.ActiveCfg = Release|Any CPU
		{240132CB-4A57-4BAF-8390-B5ED6749CD6E}.Release|Any CPU.Build.0 = Release|Any CPU
	EndGlobalSection
	GlobalSection(SolutionProperties) = preSolution
		HideSolutionNode = FALSE
	EndGlobalSection
	GlobalSection(ExtensibilityGlobals) = postSolution
		SolutionGuid = {964F0711-B8D7-476B-9F4E-F17E2BCF81A1}
	EndGlobalSection
EndGlobal
